// !$*UTF8*$!
{
	archiveVersion = 1;
	classes = {
	};
	objectVersion = 77;
	objects = {

/* Begin PBXBuildFile section */
		FA1FC9662CE2B186001F35BF /* Assets.xcassets in Resources */ = {isa = PBXBuildFile; fileRef = FA1FC95D2CE2B186001F35BF /* Assets.xcassets */; };
		FA1FC9682CE2B186001F35BF /* LaunchScreen.storyboard in Resources */ = {isa = PBXBuildFile; fileRef = FA1FC9602CE2B186001F35BF /* LaunchScreen.storyboard */; };
		FA1FC96A2CE2B186001F35BF /* AppDelegate.swift in Sources */ = {isa = PBXBuildFile; fileRef = FA1FC95C2CE2B186001F35BF /* AppDelegate.swift */; };
		FA1FC97A2CE2BFBD001F35BF /* AppCoordinator.swift in Sources */ = {isa = PBXBuildFile; fileRef = FA1FC9792CE2BFBD001F35BF /* AppCoordinator.swift */; };
		FA1FC97C2CE2C6DB001F35BF /* WeatherData.swift in Sources */ = {isa = PBXBuildFile; fileRef = FA1FC97B2CE2C6DB001F35BF /* WeatherData.swift */; };
		FA1FC9852CE2CFC9001F35BF /* Utils.swift in Sources */ = {isa = PBXBuildFile; fileRef = FA1FC9842CE2CFC9001F35BF /* Utils.swift */; };
		FA1FC9872CE2D053001F35BF /* APIService.swift in Sources */ = {isa = PBXBuildFile; fileRef = FA1FC9862CE2D053001F35BF /* APIService.swift */; };
		FA1FC9892CE2D58F001F35BF /* APIRequest.swift in Sources */ = {isa = PBXBuildFile; fileRef = FA1FC9882CE2D58F001F35BF /* APIRequest.swift */; };
		FA1FC98D2CE2E3EB001F35BF /* WeatherAPIService.swift in Sources */ = {isa = PBXBuildFile; fileRef = FA1FC98C2CE2E3EB001F35BF /* WeatherAPIService.swift */; };
		FA1FC9A72CE31C13001F35BF /* SearchViewController.swift in Sources */ = {isa = PBXBuildFile; fileRef = FA1FC9A52CE31C13001F35BF /* SearchViewController.swift */; };
		FA1FC9A82CE31C13001F35BF /* SearchViewController.xib in Resources */ = {isa = PBXBuildFile; fileRef = FA1FC9A62CE31C13001F35BF /* SearchViewController.xib */; };
		FA1FC9B02CE31D05001F35BF /* SearchViewModel.swift in Sources */ = {isa = PBXBuildFile; fileRef = FA1FC9AF2CE31D05001F35BF /* SearchViewModel.swift */; };
		FA1FC9B22CE31D16001F35BF /* SearchCoordinator.swift in Sources */ = {isa = PBXBuildFile; fileRef = FA1FC9B12CE31D16001F35BF /* SearchCoordinator.swift */; };
		FA1FC9B42CE32988001F35BF /* SearchSwiftUIView.swift in Sources */ = {isa = PBXBuildFile; fileRef = FA1FC9B32CE32988001F35BF /* SearchSwiftUIView.swift */; };
		FA1FC9B62CE32FF7001F35BF /* WeatherDataView.swift in Sources */ = {isa = PBXBuildFile; fileRef = FA1FC9B52CE32FF7001F35BF /* WeatherDataView.swift */; };
		FA1FC9B82CE33056001F35BF /* HourlyWeatherForecastView.swift in Sources */ = {isa = PBXBuildFile; fileRef = FA1FC9B72CE33056001F35BF /* HourlyWeatherForecastView.swift */; };
		FA1FC9BC2CE39BE8001F35BF /* WindView.swift in Sources */ = {isa = PBXBuildFile; fileRef = FA1FC9BB2CE39BE8001F35BF /* WindView.swift */; };
		FA1FC9BE2CE39CD8001F35BF /* SunriseSunSetView.swift in Sources */ = {isa = PBXBuildFile; fileRef = FA1FC9BD2CE39CD7001F35BF /* SunriseSunSetView.swift */; };
		FA1FC9C32CE3AE9C001F35BF /* APIService.swift in Sources */ = {isa = PBXBuildFile; fileRef = FA1FC9862CE2D053001F35BF /* APIService.swift */; };
		FA1FC9C42CE3AE9C001F35BF /* APIService.swift in Sources */ = {isa = PBXBuildFile; fileRef = FA1FC9862CE2D053001F35BF /* APIService.swift */; };
		FA1FC9C52CE3AEA8001F35BF /* WeatherAPIService.swift in Sources */ = {isa = PBXBuildFile; fileRef = FA1FC98C2CE2E3EB001F35BF /* WeatherAPIService.swift */; };
		FA1FC9C62CE3AEA8001F35BF /* WeatherAPIService.swift in Sources */ = {isa = PBXBuildFile; fileRef = FA1FC98C2CE2E3EB001F35BF /* WeatherAPIService.swift */; };
		FA1FC9C72CE3AEB4001F35BF /* SearchViewModel.swift in Sources */ = {isa = PBXBuildFile; fileRef = FA1FC9AF2CE31D05001F35BF /* SearchViewModel.swift */; };
		FA1FC9C82CE3AEB4001F35BF /* SearchViewModel.swift in Sources */ = {isa = PBXBuildFile; fileRef = FA1FC9AF2CE31D05001F35BF /* SearchViewModel.swift */; };
		FA1FC9CD2CE3B21C001F35BF /* WeatherData.swift in Sources */ = {isa = PBXBuildFile; fileRef = FA1FC97B2CE2C6DB001F35BF /* WeatherData.swift */; };
		FA1FC9CE2CE3B21C001F35BF /* WeatherData.swift in Sources */ = {isa = PBXBuildFile; fileRef = FA1FC97B2CE2C6DB001F35BF /* WeatherData.swift */; };
		FA1FC9D52CE3B5DD001F35BF /* APIRequest.swift in Sources */ = {isa = PBXBuildFile; fileRef = FA1FC9882CE2D58F001F35BF /* APIRequest.swift */; };
		FA1FC9D62CE3B5DD001F35BF /* APIRequest.swift in Sources */ = {isa = PBXBuildFile; fileRef = FA1FC9882CE2D58F001F35BF /* APIRequest.swift */; };
		FA1FC9D82CE3B600001F35BF /* SwiftUIUtils.swift in Sources */ = {isa = PBXBuildFile; fileRef = FA1FC9D72CE3B600001F35BF /* SwiftUIUtils.swift */; };
		FA1FC9D92CE3B635001F35BF /* Utils.swift in Sources */ = {isa = PBXBuildFile; fileRef = FA1FC9842CE2CFC9001F35BF /* Utils.swift */; };
		FA1FC9DA2CE3B635001F35BF /* Utils.swift in Sources */ = {isa = PBXBuildFile; fileRef = FA1FC9842CE2CFC9001F35BF /* Utils.swift */; };
/* End PBXBuildFile section */

/* Begin PBXContainerItemProxy section */
		FA1FC93F2CE2B0C4001F35BF /* PBXContainerItemProxy */ = {
			isa = PBXContainerItemProxy;
			containerPortal = FA1FC9202CE2B0C1001F35BF /* Project object */;
			proxyType = 1;
			remoteGlobalIDString = FA1FC9272CE2B0C1001F35BF;
			remoteInfo = OpenWeatherAppByShahul;
		};
		FA1FC9492CE2B0C4001F35BF /* PBXContainerItemProxy */ = {
			isa = PBXContainerItemProxy;
			containerPortal = FA1FC9202CE2B0C1001F35BF /* Project object */;
			proxyType = 1;
			remoteGlobalIDString = FA1FC9272CE2B0C1001F35BF;
			remoteInfo = OpenWeatherAppByShahul;
		};
/* End PBXContainerItemProxy section */

/* Begin PBXFileReference section */
		FA1FC9282CE2B0C1001F35BF /* OpenWeatherAppByShahul.app */ = {isa = PBXFileReference; explicitFileType = wrapper.application; includeInIndex = 0; path = OpenWeatherAppByShahul.app; sourceTree = BUILT_PRODUCTS_DIR; };
		FA1FC93E2CE2B0C4001F35BF /* OpenWeatherAppByShahulTests.xctest */ = {isa = PBXFileReference; explicitFileType = wrapper.cfbundle; includeInIndex = 0; path = OpenWeatherAppByShahulTests.xctest; sourceTree = BUILT_PRODUCTS_DIR; };
		FA1FC9482CE2B0C4001F35BF /* OpenWeatherAppByShahulUITests.xctest */ = {isa = PBXFileReference; explicitFileType = wrapper.cfbundle; includeInIndex = 0; path = OpenWeatherAppByShahulUITests.xctest; sourceTree = BUILT_PRODUCTS_DIR; };
		FA1FC95C2CE2B186001F35BF /* AppDelegate.swift */ = {isa = PBXFileReference; lastKnownFileType = sourcecode.swift; path = AppDelegate.swift; sourceTree = "<group>"; };
		FA1FC95D2CE2B186001F35BF /* Assets.xcassets */ = {isa = PBXFileReference; lastKnownFileType = folder.assetcatalog; path = Assets.xcassets; sourceTree = "<group>"; };
		FA1FC95E2CE2B186001F35BF /* Info.plist */ = {isa = PBXFileReference; lastKnownFileType = text.plist.xml; path = Info.plist; sourceTree = "<group>"; };
		FA1FC95F2CE2B186001F35BF /* Base */ = {isa = PBXFileReference; lastKnownFileType = file.storyboard; name = Base; path = Base.lproj/LaunchScreen.storyboard; sourceTree = "<group>"; };
		FA1FC9792CE2BFBD001F35BF /* AppCoordinator.swift */ = {isa = PBXFileReference; lastKnownFileType = sourcecode.swift; path = AppCoordinator.swift; sourceTree = "<group>"; };
		FA1FC97B2CE2C6DB001F35BF /* WeatherData.swift */ = {isa = PBXFileReference; lastKnownFileType = sourcecode.swift; path = WeatherData.swift; sourceTree = "<group>"; };
		FA1FC9842CE2CFC9001F35BF /* Utils.swift */ = {isa = PBXFileReference; lastKnownFileType = sourcecode.swift; path = Utils.swift; sourceTree = "<group>"; };
		FA1FC9862CE2D053001F35BF /* APIService.swift */ = {isa = PBXFileReference; lastKnownFileType = sourcecode.swift; path = APIService.swift; sourceTree = "<group>"; };
		FA1FC9882CE2D58F001F35BF /* APIRequest.swift */ = {isa = PBXFileReference; lastKnownFileType = sourcecode.swift; path = APIRequest.swift; sourceTree = "<group>"; };
		FA1FC98C2CE2E3EB001F35BF /* WeatherAPIService.swift */ = {isa = PBXFileReference; lastKnownFileType = sourcecode.swift; path = WeatherAPIService.swift; sourceTree = "<group>"; };
		FA1FC9A52CE31C13001F35BF /* SearchViewController.swift */ = {isa = PBXFileReference; lastKnownFileType = sourcecode.swift; path = SearchViewController.swift; sourceTree = "<group>"; };
		FA1FC9A62CE31C13001F35BF /* SearchViewController.xib */ = {isa = PBXFileReference; lastKnownFileType = file.xib; path = SearchViewController.xib; sourceTree = "<group>"; };
		FA1FC9AF2CE31D05001F35BF /* SearchViewModel.swift */ = {isa = PBXFileReference; lastKnownFileType = sourcecode.swift; path = SearchViewModel.swift; sourceTree = "<group>"; };
		FA1FC9B12CE31D16001F35BF /* SearchCoordinator.swift */ = {isa = PBXFileReference; lastKnownFileType = sourcecode.swift; path = SearchCoordinator.swift; sourceTree = "<group>"; };
		FA1FC9B32CE32988001F35BF /* SearchSwiftUIView.swift */ = {isa = PBXFileReference; lastKnownFileType = sourcecode.swift; path = SearchSwiftUIView.swift; sourceTree = "<group>"; };
		FA1FC9B52CE32FF7001F35BF /* WeatherDataView.swift */ = {isa = PBXFileReference; lastKnownFileType = sourcecode.swift; path = WeatherDataView.swift; sourceTree = "<group>"; };
		FA1FC9B72CE33056001F35BF /* HourlyWeatherForecastView.swift */ = {isa = PBXFileReference; lastKnownFileType = sourcecode.swift; path = HourlyWeatherForecastView.swift; sourceTree = "<group>"; };
		FA1FC9BB2CE39BE8001F35BF /* WindView.swift */ = {isa = PBXFileReference; lastKnownFileType = sourcecode.swift; path = WindView.swift; sourceTree = "<group>"; };
		FA1FC9BD2CE39CD7001F35BF /* SunriseSunSetView.swift */ = {isa = PBXFileReference; lastKnownFileType = sourcecode.swift; path = SunriseSunSetView.swift; sourceTree = "<group>"; };
		FA1FC9D72CE3B600001F35BF /* SwiftUIUtils.swift */ = {isa = PBXFileReference; lastKnownFileType = sourcecode.swift; path = SwiftUIUtils.swift; sourceTree = "<group>"; };
/* End PBXFileReference section */

/* Begin PBXFileSystemSynchronizedRootGroup section */
		FA1FC9412CE2B0C4001F35BF /* OpenWeatherAppByShahulTests */ = {
			isa = PBXFileSystemSynchronizedRootGroup;
			path = OpenWeatherAppByShahulTests;
			sourceTree = "<group>";
		};
		FA1FC94B2CE2B0C4001F35BF /* OpenWeatherAppByShahulUITests */ = {
			isa = PBXFileSystemSynchronizedRootGroup;
			path = OpenWeatherAppByShahulUITests;
			sourceTree = "<group>";
		};
/* End PBXFileSystemSynchronizedRootGroup section */

/* Begin PBXFrameworksBuildPhase section */
		FA1FC9252CE2B0C1001F35BF /* Frameworks */ = {
			isa = PBXFrameworksBuildPhase;
			buildActionMask = 2147483647;
			files = (
			);
			runOnlyForDeploymentPostprocessing = 0;
		};
		FA1FC93B2CE2B0C4001F35BF /* Frameworks */ = {
			isa = PBXFrameworksBuildPhase;
			buildActionMask = 2147483647;
			files = (
			);
			runOnlyForDeploymentPostprocessing = 0;
		};
		FA1FC9452CE2B0C4001F35BF /* Frameworks */ = {
			isa = PBXFrameworksBuildPhase;
			buildActionMask = 2147483647;
			files = (
			);
			runOnlyForDeploymentPostprocessing = 0;
		};
/* End PBXFrameworksBuildPhase section */

/* Begin PBXGroup section */
		FA1FC91F2CE2B0C1001F35BF = {
			isa = PBXGroup;
			children = (
				FA1FC9652CE2B186001F35BF /* OpenWeatherAppByShahul */,
				FA1FC9412CE2B0C4001F35BF /* OpenWeatherAppByShahulTests */,
				FA1FC94B2CE2B0C4001F35BF /* OpenWeatherAppByShahulUITests */,
				FA1FC9292CE2B0C1001F35BF /* Products */,
			);
			sourceTree = "<group>";
		};
		FA1FC9292CE2B0C1001F35BF /* Products */ = {
			isa = PBXGroup;
			children = (
				FA1FC9282CE2B0C1001F35BF /* OpenWeatherAppByShahul.app */,
				FA1FC93E2CE2B0C4001F35BF /* OpenWeatherAppByShahulTests.xctest */,
				FA1FC9482CE2B0C4001F35BF /* OpenWeatherAppByShahulUITests.xctest */,
			);
			name = Products;
			sourceTree = "<group>";
		};
		FA1FC9652CE2B186001F35BF /* OpenWeatherAppByShahul */ = {
			isa = PBXGroup;
			children = (
				FA1FC9832CE2CFB1001F35BF /* Shared */,
				FA1FC97F2CE2CC64001F35BF /* Network */,
				FA1FC9812CE2CD5A001F35BF /* Features */,
				FA1FC95C2CE2B186001F35BF /* AppDelegate.swift */,
				FA1FC9792CE2BFBD001F35BF /* AppCoordinator.swift */,
				FA1FC9602CE2B186001F35BF /* LaunchScreen.storyboard */,
				FA1FC95D2CE2B186001F35BF /* Assets.xcassets */,
				FA1FC95E2CE2B186001F35BF /* Info.plist */,
			);
			path = OpenWeatherAppByShahul;
			sourceTree = "<group>";
		};
		FA1FC97F2CE2CC64001F35BF /* Network */ = {
			isa = PBXGroup;
			children = (
				FA1FC9862CE2D053001F35BF /* APIService.swift */,
				FA1FC9882CE2D58F001F35BF /* APIRequest.swift */,
				FA1FC98C2CE2E3EB001F35BF /* WeatherAPIService.swift */,
			);
			path = Network;
			sourceTree = "<group>";
		};
		FA1FC9812CE2CD5A001F35BF /* Features */ = {
			isa = PBXGroup;
			children = (
				FA1FC9A42CE31BF7001F35BF /* Search */,
			);
			path = Features;
			sourceTree = "<group>";
		};
		FA1FC9832CE2CFB1001F35BF /* Shared */ = {
			isa = PBXGroup;
			children = (
				FA1FC9842CE2CFC9001F35BF /* Utils.swift */,
				FA1FC9D72CE3B600001F35BF /* SwiftUIUtils.swift */,
			);
			path = Shared;
			sourceTree = "<group>";
		};
		FA1FC9A42CE31BF7001F35BF /* Search */ = {
			isa = PBXGroup;
			children = (
				FA1FC9AA2CE31C8E001F35BF /* Model */,
				FA1FC9A92CE31C76001F35BF /* View */,
				FA1FC9AB2CE31C94001F35BF /* ViewModel */,
				FA1FC9AC2CE31C9C001F35BF /* Coordinator */,
			);
			path = Search;
			sourceTree = "<group>";
		};
		FA1FC9A92CE31C76001F35BF /* View */ = {
			isa = PBXGroup;
			children = (
				FA1FC9B92CE3316C001F35BF /* SwiftUI */,
				FA1FC9BA2CE33444001F35BF /* UIKit */,
			);
			path = View;
			sourceTree = "<group>";
		};
		FA1FC9AA2CE31C8E001F35BF /* Model */ = {
			isa = PBXGroup;
			children = (
				FA1FC97B2CE2C6DB001F35BF /* WeatherData.swift */,
			);
			path = Model;
			sourceTree = "<group>";
		};
		FA1FC9AB2CE31C94001F35BF /* ViewModel */ = {
			isa = PBXGroup;
			children = (
				FA1FC9AF2CE31D05001F35BF /* SearchViewModel.swift */,
			);
			path = ViewModel;
			sourceTree = "<group>";
		};
		FA1FC9AC2CE31C9C001F35BF /* Coordinator */ = {
			isa = PBXGroup;
			children = (
				FA1FC9B12CE31D16001F35BF /* SearchCoordinator.swift */,
			);
			path = Coordinator;
			sourceTree = "<group>";
		};
		FA1FC9B92CE3316C001F35BF /* SwiftUI */ = {
			isa = PBXGroup;
			children = (
				FA1FC9B32CE32988001F35BF /* SearchSwiftUIView.swift */,
				FA1FC9B52CE32FF7001F35BF /* WeatherDataView.swift */,
				FA1FC9B72CE33056001F35BF /* HourlyWeatherForecastView.swift */,
				FA1FC9BB2CE39BE8001F35BF /* WindView.swift */,
				FA1FC9BD2CE39CD7001F35BF /* SunriseSunSetView.swift */,
			);
			path = SwiftUI;
			sourceTree = "<group>";
		};
		FA1FC9BA2CE33444001F35BF /* UIKit */ = {
			isa = PBXGroup;
			children = (
				FA1FC9A52CE31C13001F35BF /* SearchViewController.swift */,
				FA1FC9A62CE31C13001F35BF /* SearchViewController.xib */,
			);
			path = UIKit;
			sourceTree = "<group>";
		};
/* End PBXGroup section */

/* Begin PBXNativeTarget section */
		FA1FC9272CE2B0C1001F35BF /* OpenWeatherAppByShahul */ = {
			isa = PBXNativeTarget;
			buildConfigurationList = FA1FC9512CE2B0C4001F35BF /* Build configuration list for PBXNativeTarget "OpenWeatherAppByShahul" */;
			buildPhases = (
				FA1FC9242CE2B0C1001F35BF /* Sources */,
				FA1FC9252CE2B0C1001F35BF /* Frameworks */,
				FA1FC9262CE2B0C1001F35BF /* Resources */,
			);
			buildRules = (
			);
			dependencies = (
			);
			name = OpenWeatherAppByShahul;
			packageProductDependencies = (
			);
			productName = OpenWeatherAppByShahul;
			productReference = FA1FC9282CE2B0C1001F35BF /* OpenWeatherAppByShahul.app */;
			productType = "com.apple.product-type.application";
		};
		FA1FC93D2CE2B0C4001F35BF /* OpenWeatherAppByShahulTests */ = {
			isa = PBXNativeTarget;
			buildConfigurationList = FA1FC9562CE2B0C4001F35BF /* Build configuration list for PBXNativeTarget "OpenWeatherAppByShahulTests" */;
			buildPhases = (
				FA1FC93A2CE2B0C4001F35BF /* Sources */,
				FA1FC93B2CE2B0C4001F35BF /* Frameworks */,
				FA1FC93C2CE2B0C4001F35BF /* Resources */,
			);
			buildRules = (
			);
			dependencies = (
				FA1FC9402CE2B0C4001F35BF /* PBXTargetDependency */,
			);
			fileSystemSynchronizedGroups = (
				FA1FC9412CE2B0C4001F35BF /* OpenWeatherAppByShahulTests */,
			);
			name = OpenWeatherAppByShahulTests;
			packageProductDependencies = (
			);
			productName = OpenWeatherAppByShahulTests;
			productReference = FA1FC93E2CE2B0C4001F35BF /* OpenWeatherAppByShahulTests.xctest */;
			productType = "com.apple.product-type.bundle.unit-test";
		};
		FA1FC9472CE2B0C4001F35BF /* OpenWeatherAppByShahulUITests */ = {
			isa = PBXNativeTarget;
			buildConfigurationList = FA1FC9592CE2B0C4001F35BF /* Build configuration list for PBXNativeTarget "OpenWeatherAppByShahulUITests" */;
			buildPhases = (
				FA1FC9442CE2B0C4001F35BF /* Sources */,
				FA1FC9452CE2B0C4001F35BF /* Frameworks */,
				FA1FC9462CE2B0C4001F35BF /* Resources */,
			);
			buildRules = (
			);
			dependencies = (
				FA1FC94A2CE2B0C4001F35BF /* PBXTargetDependency */,
			);
			fileSystemSynchronizedGroups = (
				FA1FC94B2CE2B0C4001F35BF /* OpenWeatherAppByShahulUITests */,
			);
			name = OpenWeatherAppByShahulUITests;
			packageProductDependencies = (
			);
			productName = OpenWeatherAppByShahulUITests;
			productReference = FA1FC9482CE2B0C4001F35BF /* OpenWeatherAppByShahulUITests.xctest */;
			productType = "com.apple.product-type.bundle.ui-testing";
		};
/* End PBXNativeTarget section */

/* Begin PBXProject section */
		FA1FC9202CE2B0C1001F35BF /* Project object */ = {
			isa = PBXProject;
			attributes = {
				BuildIndependentTargetsInParallel = 1;
				LastSwiftUpdateCheck = 1610;
				LastUpgradeCheck = 1610;
				TargetAttributes = {
					FA1FC9272CE2B0C1001F35BF = {
						CreatedOnToolsVersion = 16.1;
					};
					FA1FC93D2CE2B0C4001F35BF = {
						CreatedOnToolsVersion = 16.1;
						TestTargetID = FA1FC9272CE2B0C1001F35BF;
					};
					FA1FC9472CE2B0C4001F35BF = {
						CreatedOnToolsVersion = 16.1;
						TestTargetID = FA1FC9272CE2B0C1001F35BF;
					};
				};
			};
			buildConfigurationList = FA1FC9232CE2B0C1001F35BF /* Build configuration list for PBXProject "OpenWeatherAppByShahul" */;
			developmentRegion = en;
			hasScannedForEncodings = 0;
			knownRegions = (
				en,
				Base,
			);
			mainGroup = FA1FC91F2CE2B0C1001F35BF;
			minimizedProjectReferenceProxies = 1;
			preferredProjectObjectVersion = 77;
			productRefGroup = FA1FC9292CE2B0C1001F35BF /* Products */;
			projectDirPath = "";
			projectRoot = "";
			targets = (
				FA1FC9272CE2B0C1001F35BF /* OpenWeatherAppByShahul */,
				FA1FC93D2CE2B0C4001F35BF /* OpenWeatherAppByShahulTests */,
				FA1FC9472CE2B0C4001F35BF /* OpenWeatherAppByShahulUITests */,
			);
		};
/* End PBXProject section */

/* Begin PBXResourcesBuildPhase section */
		FA1FC9262CE2B0C1001F35BF /* Resources */ = {
			isa = PBXResourcesBuildPhase;
			buildActionMask = 2147483647;
			files = (
				FA1FC9662CE2B186001F35BF /* Assets.xcassets in Resources */,
				FA1FC9A82CE31C13001F35BF /* SearchViewController.xib in Resources */,
				FA1FC9682CE2B186001F35BF /* LaunchScreen.storyboard in Resources */,
			);
			runOnlyForDeploymentPostprocessing = 0;
		};
		FA1FC93C2CE2B0C4001F35BF /* Resources */ = {
			isa = PBXResourcesBuildPhase;
			buildActionMask = 2147483647;
			files = (
			);
			runOnlyForDeploymentPostprocessing = 0;
		};
		FA1FC9462CE2B0C4001F35BF /* Resources */ = {
			isa = PBXResourcesBuildPhase;
			buildActionMask = 2147483647;
			files = (
			);
			runOnlyForDeploymentPostprocessing = 0;
		};
/* End PBXResourcesBuildPhase section */

/* Begin PBXSourcesBuildPhase section */
		FA1FC9242CE2B0C1001F35BF /* Sources */ = {
			isa = PBXSourcesBuildPhase;
			buildActionMask = 2147483647;
			files = (
				FA1FC9B22CE31D16001F35BF /* SearchCoordinator.swift in Sources */,
				FA1FC9A72CE31C13001F35BF /* SearchViewController.swift in Sources */,
				FA1FC9872CE2D053001F35BF /* APIService.swift in Sources */,
				FA1FC9B82CE33056001F35BF /* HourlyWeatherForecastView.swift in Sources */,
				FA1FC9BC2CE39BE8001F35BF /* WindView.swift in Sources */,
				FA1FC97C2CE2C6DB001F35BF /* WeatherData.swift in Sources */,
				FA1FC97A2CE2BFBD001F35BF /* AppCoordinator.swift in Sources */,
				FA1FC9B62CE32FF7001F35BF /* WeatherDataView.swift in Sources */,
				FA1FC9BE2CE39CD8001F35BF /* SunriseSunSetView.swift in Sources */,
				FA1FC9D82CE3B600001F35BF /* SwiftUIUtils.swift in Sources */,
				FA1FC9B42CE32988001F35BF /* SearchSwiftUIView.swift in Sources */,
				FA1FC96A2CE2B186001F35BF /* AppDelegate.swift in Sources */,
				FA1FC9B02CE31D05001F35BF /* SearchViewModel.swift in Sources */,
				FA1FC98D2CE2E3EB001F35BF /* WeatherAPIService.swift in Sources */,
				FA1FC9892CE2D58F001F35BF /* APIRequest.swift in Sources */,
				FA1FC9852CE2CFC9001F35BF /* Utils.swift in Sources */,
			);
			runOnlyForDeploymentPostprocessing = 0;
		};
		FA1FC93A2CE2B0C4001F35BF /* Sources */ = {
			isa = PBXSourcesBuildPhase;
			buildActionMask = 2147483647;
			files = (
				FA1FC9C72CE3AEB4001F35BF /* SearchViewModel.swift in Sources */,
				FA1FC9C52CE3AEA8001F35BF /* WeatherAPIService.swift in Sources */,
				FA1FC9D92CE3B635001F35BF /* Utils.swift in Sources */,
				FA1FC9C32CE3AE9C001F35BF /* APIService.swift in Sources */,
				FA1FC9CD2CE3B21C001F35BF /* WeatherData.swift in Sources */,
				FA1FC9D52CE3B5DD001F35BF /* APIRequest.swift in Sources */,
			);
			runOnlyForDeploymentPostprocessing = 0;
		};
		FA1FC9442CE2B0C4001F35BF /* Sources */ = {
			isa = PBXSourcesBuildPhase;
			buildActionMask = 2147483647;
			files = (
				FA1FC9D62CE3B5DD001F35BF /* APIRequest.swift in Sources */,
				FA1FC9C82CE3AEB4001F35BF /* SearchViewModel.swift in Sources */,
				FA1FC9C62CE3AEA8001F35BF /* WeatherAPIService.swift in Sources */,
				FA1FC9C42CE3AE9C001F35BF /* APIService.swift in Sources */,
				FA1FC9CE2CE3B21C001F35BF /* WeatherData.swift in Sources */,
				FA1FC9DA2CE3B635001F35BF /* Utils.swift in Sources */,
			);
			runOnlyForDeploymentPostprocessing = 0;
		};
/* End PBXSourcesBuildPhase section */

/* Begin PBXTargetDependency section */
		FA1FC9402CE2B0C4001F35BF /* PBXTargetDependency */ = {
			isa = PBXTargetDependency;
			target = FA1FC9272CE2B0C1001F35BF /* OpenWeatherAppByShahul */;
			targetProxy = FA1FC93F2CE2B0C4001F35BF /* PBXContainerItemProxy */;
		};
		FA1FC94A2CE2B0C4001F35BF /* PBXTargetDependency */ = {
			isa = PBXTargetDependency;
			target = FA1FC9272CE2B0C1001F35BF /* OpenWeatherAppByShahul */;
			targetProxy = FA1FC9492CE2B0C4001F35BF /* PBXContainerItemProxy */;
		};
/* End PBXTargetDependency section */

/* Begin PBXVariantGroup section */
		FA1FC9602CE2B186001F35BF /* LaunchScreen.storyboard */ = {
			isa = PBXVariantGroup;
			children = (
				FA1FC95F2CE2B186001F35BF /* Base */,
			);
			name = LaunchScreen.storyboard;
			sourceTree = "<group>";
		};
/* End PBXVariantGroup section */

/* Begin XCBuildConfiguration section */
		FA1FC9522CE2B0C4001F35BF /* Debug */ = {
			isa = XCBuildConfiguration;
			buildSettings = {
				ASSETCATALOG_COMPILER_APPICON_NAME = AppIcon;
				ASSETCATALOG_COMPILER_GLOBAL_ACCENT_COLOR_NAME = AccentColor;
				CODE_SIGN_STYLE = Automatic;
				CURRENT_PROJECT_VERSION = 1;
				GENERATE_INFOPLIST_FILE = YES;
				INFOPLIST_FILE = OpenWeatherAppByShahul/Info.plist;
				INFOPLIST_KEY_UIApplicationSupportsIndirectInputEvents = YES;
				INFOPLIST_KEY_UILaunchStoryboardName = LaunchScreen;
				INFOPLIST_KEY_UIStatusBarStyle = "";
				INFOPLIST_KEY_UISupportedInterfaceOrientations_iPad = "UIInterfaceOrientationPortrait UIInterfaceOrientationPortraitUpsideDown UIInterfaceOrientationLandscapeLeft UIInterfaceOrientationLandscapeRight";
				INFOPLIST_KEY_UISupportedInterfaceOrientations_iPhone = "UIInterfaceOrientationPortrait UIInterfaceOrientationLandscapeLeft UIInterfaceOrientationLandscapeRight";
				LD_RUNPATH_SEARCH_PATHS = (
					"$(inherited)",
					"@executable_path/Frameworks",
				);
				MARKETING_VERSION = 1.0;
				PRODUCT_BUNDLE_IDENTIFIER = com.sha.OpenWeatherAppByShahul;
				PRODUCT_NAME = "$(TARGET_NAME)";
				SWIFT_EMIT_LOC_STRINGS = YES;
				SWIFT_VERSION = 5.0;
				TARGETED_DEVICE_FAMILY = "1,2";
			};
			name = Debug;
		};
		FA1FC9532CE2B0C4001F35BF /* Release */ = {
			isa = XCBuildConfiguration;
			buildSettings = {
				ASSETCATALOG_COMPILER_APPICON_NAME = AppIcon;
				ASSETCATALOG_COMPILER_GLOBAL_ACCENT_COLOR_NAME = AccentColor;
				CODE_SIGN_STYLE = Automatic;
				CURRENT_PROJECT_VERSION = 1;
				GENERATE_INFOPLIST_FILE = YES;
				INFOPLIST_FILE = OpenWeatherAppByShahul/Info.plist;
				INFOPLIST_KEY_UIApplicationSupportsIndirectInputEvents = YES;
				INFOPLIST_KEY_UILaunchStoryboardName = LaunchScreen;
				INFOPLIST_KEY_UIStatusBarStyle = "";
				INFOPLIST_KEY_UISupportedInterfaceOrientations_iPad = "UIInterfaceOrientationPortrait UIInterfaceOrientationPortraitUpsideDown UIInterfaceOrientationLandscapeLeft UIInterfaceOrientationLandscapeRight";
				INFOPLIST_KEY_UISupportedInterfaceOrientations_iPhone = "UIInterfaceOrientationPortrait UIInterfaceOrientationLandscapeLeft UIInterfaceOrientationLandscapeRight";
				LD_RUNPATH_SEARCH_PATHS = (
					"$(inherited)",
					"@executable_path/Frameworks",
				);
				MARKETING_VERSION = 1.0;
				PRODUCT_BUNDLE_IDENTIFIER = com.sha.OpenWeatherAppByShahul;
				PRODUCT_NAME = "$(TARGET_NAME)";
				SWIFT_EMIT_LOC_STRINGS = YES;
				SWIFT_VERSION = 5.0;
				TARGETED_DEVICE_FAMILY = "1,2";
			};
			name = Release;
		};
		FA1FC9542CE2B0C4001F35BF /* Debug */ = {
			isa = XCBuildConfiguration;
			buildSettings = {
				ALWAYS_SEARCH_USER_PATHS = NO;
				ASSETCATALOG_COMPILER_GENERATE_SWIFT_ASSET_SYMBOL_EXTENSIONS = YES;
				CLANG_ANALYZER_NONNULL = YES;
				CLANG_ANALYZER_NUMBER_OBJECT_CONVERSION = YES_AGGRESSIVE;
				CLANG_CXX_LANGUAGE_STANDARD = "gnu++20";
				CLANG_ENABLE_MODULES = YES;
				CLANG_ENABLE_OBJC_ARC = YES;
				CLANG_ENABLE_OBJC_WEAK = YES;
				CLANG_WARN_BLOCK_CAPTURE_AUTORELEASING = YES;
				CLANG_WARN_BOOL_CONVERSION = YES;
				CLANG_WARN_COMMA = YES;
				CLANG_WARN_CONSTANT_CONVERSION = YES;
				CLANG_WARN_DEPRECATED_OBJC_IMPLEMENTATIONS = YES;
				CLANG_WARN_DIRECT_OBJC_ISA_USAGE = YES_ERROR;
				CLANG_WARN_DOCUMENTATION_COMMENTS = YES;
				CLANG_WARN_EMPTY_BODY = YES;
				CLANG_WARN_ENUM_CONVERSION = YES;
				CLANG_WARN_INFINITE_RECURSION = YES;
				CLANG_WARN_INT_CONVERSION = YES;
				CLANG_WARN_NON_LITERAL_NULL_CONVERSION = YES;
				CLANG_WARN_OBJC_IMPLICIT_RETAIN_SELF = YES;
				CLANG_WARN_OBJC_LITERAL_CONVERSION = YES;
				CLANG_WARN_OBJC_ROOT_CLASS = YES_ERROR;
				CLANG_WARN_QUOTED_INCLUDE_IN_FRAMEWORK_HEADER = YES;
				CLANG_WARN_RANGE_LOOP_ANALYSIS = YES;
				CLANG_WARN_STRICT_PROTOTYPES = YES;
				CLANG_WARN_SUSPICIOUS_MOVE = YES;
				CLANG_WARN_UNGUARDED_AVAILABILITY = YES_AGGRESSIVE;
				CLANG_WARN_UNREACHABLE_CODE = YES;
				CLANG_WARN__DUPLICATE_METHOD_MATCH = YES;
				COPY_PHASE_STRIP = NO;
				DEBUG_INFORMATION_FORMAT = dwarf;
				ENABLE_STRICT_OBJC_MSGSEND = YES;
				ENABLE_TESTABILITY = YES;
				ENABLE_USER_SCRIPT_SANDBOXING = YES;
				GCC_C_LANGUAGE_STANDARD = gnu17;
				GCC_DYNAMIC_NO_PIC = NO;
				GCC_NO_COMMON_BLOCKS = YES;
				GCC_OPTIMIZATION_LEVEL = 0;
				GCC_PREPROCESSOR_DEFINITIONS = (
					"DEBUG=1",
					"$(inherited)",
				);
				GCC_WARN_64_TO_32_BIT_CONVERSION = YES;
				GCC_WARN_ABOUT_RETURN_TYPE = YES_ERROR;
				GCC_WARN_UNDECLARED_SELECTOR = YES;
				GCC_WARN_UNINITIALIZED_AUTOS = YES_AGGRESSIVE;
				GCC_WARN_UNUSED_FUNCTION = YES;
				GCC_WARN_UNUSED_VARIABLE = YES;
				IPHONEOS_DEPLOYMENT_TARGET = 18.1;
				LOCALIZATION_PREFERS_STRING_CATALOGS = YES;
				MTL_ENABLE_DEBUG_INFO = INCLUDE_SOURCE;
				MTL_FAST_MATH = YES;
				ONLY_ACTIVE_ARCH = YES;
				SDKROOT = iphoneos;
				SWIFT_ACTIVE_COMPILATION_CONDITIONS = "DEBUG $(inherited)";
				SWIFT_OPTIMIZATION_LEVEL = "-Onone";
			};
			name = Debug;
		};
		FA1FC9552CE2B0C4001F35BF /* Release */ = {
			isa = XCBuildConfiguration;
			buildSettings = {
				ALWAYS_SEARCH_USER_PATHS = NO;
				ASSETCATALOG_COMPILER_GENERATE_SWIFT_ASSET_SYMBOL_EXTENSIONS = YES;
				CLANG_ANALYZER_NONNULL = YES;
				CLANG_ANALYZER_NUMBER_OBJECT_CONVERSION = YES_AGGRESSIVE;
				CLANG_CXX_LANGUAGE_STANDARD = "gnu++20";
				CLANG_ENABLE_MODULES = YES;
				CLANG_ENABLE_OBJC_ARC = YES;
				CLANG_ENABLE_OBJC_WEAK = YES;
				CLANG_WARN_BLOCK_CAPTURE_AUTORELEASING = YES;
				CLANG_WARN_BOOL_CONVERSION = YES;
				CLANG_WARN_COMMA = YES;
				CLANG_WARN_CONSTANT_CONVERSION = YES;
				CLANG_WARN_DEPRECATED_OBJC_IMPLEMENTATIONS = YES;
				CLANG_WARN_DIRECT_OBJC_ISA_USAGE = YES_ERROR;
				CLANG_WARN_DOCUMENTATION_COMMENTS = YES;
				CLANG_WARN_EMPTY_BODY = YES;
				CLANG_WARN_ENUM_CONVERSION = YES;
				CLANG_WARN_INFINITE_RECURSION = YES;
				CLANG_WARN_INT_CONVERSION = YES;
				CLANG_WARN_NON_LITERAL_NULL_CONVERSION = YES;
				CLANG_WARN_OBJC_IMPLICIT_RETAIN_SELF = YES;
				CLANG_WARN_OBJC_LITERAL_CONVERSION = YES;
				CLANG_WARN_OBJC_ROOT_CLASS = YES_ERROR;
				CLANG_WARN_QUOTED_INCLUDE_IN_FRAMEWORK_HEADER = YES;
				CLANG_WARN_RANGE_LOOP_ANALYSIS = YES;
				CLANG_WARN_STRICT_PROTOTYPES = YES;
				CLANG_WARN_SUSPICIOUS_MOVE = YES;
				CLANG_WARN_UNGUARDED_AVAILABILITY = YES_AGGRESSIVE;
				CLANG_WARN_UNREACHABLE_CODE = YES;
				CLANG_WARN__DUPLICATE_METHOD_MATCH = YES;
				COPY_PHASE_STRIP = NO;
				DEBUG_INFORMATION_FORMAT = "dwarf-with-dsym";
				ENABLE_NS_ASSERTIONS = NO;
				ENABLE_STRICT_OBJC_MSGSEND = YES;
				ENABLE_USER_SCRIPT_SANDBOXING = YES;
				GCC_C_LANGUAGE_STANDARD = gnu17;
				GCC_NO_COMMON_BLOCKS = YES;
				GCC_WARN_64_TO_32_BIT_CONVERSION = YES;
				GCC_WARN_ABOUT_RETURN_TYPE = YES_ERROR;
				GCC_WARN_UNDECLARED_SELECTOR = YES;
				GCC_WARN_UNINITIALIZED_AUTOS = YES_AGGRESSIVE;
				GCC_WARN_UNUSED_FUNCTION = YES;
				GCC_WARN_UNUSED_VARIABLE = YES;
				IPHONEOS_DEPLOYMENT_TARGET = 18.1;
				LOCALIZATION_PREFERS_STRING_CATALOGS = YES;
				MTL_ENABLE_DEBUG_INFO = NO;
				MTL_FAST_MATH = YES;
				SDKROOT = iphoneos;
				SWIFT_COMPILATION_MODE = wholemodule;
				VALIDATE_PRODUCT = YES;
			};
			name = Release;
		};
		FA1FC9572CE2B0C4001F35BF /* Debug */ = {
			isa = XCBuildConfiguration;
			buildSettings = {
				BUNDLE_LOADER = "$(TEST_HOST)";
				CODE_SIGN_STYLE = Automatic;
				CURRENT_PROJECT_VERSION = 1;
				GENERATE_INFOPLIST_FILE = YES;
				IPHONEOS_DEPLOYMENT_TARGET = 18.1;
				MARKETING_VERSION = 1.0;
				PRODUCT_BUNDLE_IDENTIFIER = com.sha.OpenWeatherAppByShahulTests;
				PRODUCT_NAME = "$(TARGET_NAME)";
				SWIFT_EMIT_LOC_STRINGS = NO;
				SWIFT_VERSION = 5.0;
				TARGETED_DEVICE_FAMILY = "1,2";
				TEST_HOST = "$(BUILT_PRODUCTS_DIR)/OpenWeatherAppByShahul.app/$(BUNDLE_EXECUTABLE_FOLDER_PATH)/OpenWeatherAppByShahul";
			};
			name = Debug;
		};
		FA1FC9582CE2B0C4001F35BF /* Release */ = {
			isa = XCBuildConfiguration;
			buildSettings = {
				BUNDLE_LOADER = "$(TEST_HOST)";
				CODE_SIGN_STYLE = Automatic;
				CURRENT_PROJECT_VERSION = 1;
				GENERATE_INFOPLIST_FILE = YES;
				IPHONEOS_DEPLOYMENT_TARGET = 18.1;
				MARKETING_VERSION = 1.0;
				PRODUCT_BUNDLE_IDENTIFIER = com.sha.OpenWeatherAppByShahulTests;
				PRODUCT_NAME = "$(TARGET_NAME)";
				SWIFT_EMIT_LOC_STRINGS = NO;
				SWIFT_VERSION = 5.0;
				TARGETED_DEVICE_FAMILY = "1,2";
				TEST_HOST = "$(BUILT_PRODUCTS_DIR)/OpenWeatherAppByShahul.app/$(BUNDLE_EXECUTABLE_FOLDER_PATH)/OpenWeatherAppByShahul";
			};
			name = Release;
		};
		FA1FC95A2CE2B0C4001F35BF /* Debug */ = {
			isa = XCBuildConfiguration;
			buildSettings = {
				CODE_SIGN_STYLE = Automatic;
				CURRENT_PROJECT_VERSION = 1;
				GENERATE_INFOPLIST_FILE = YES;
				MARKETING_VERSION = 1.0;
				PRODUCT_BUNDLE_IDENTIFIER = com.sha.OpenWeatherAppByShahulUITests;
				PRODUCT_NAME = "$(TARGET_NAME)";
				SWIFT_EMIT_LOC_STRINGS = NO;
				SWIFT_VERSION = 5.0;
				TARGETED_DEVICE_FAMILY = "1,2";
				TEST_TARGET_NAME = OpenWeatherAppByShahul;
			};
			name = Debug;
		};
		FA1FC95B2CE2B0C4001F35BF /* Release */ = {
			isa = XCBuildConfiguration;
			buildSettings = {
				CODE_SIGN_STYLE = Automatic;
				CURRENT_PROJECT_VERSION = 1;
				GENERATE_INFOPLIST_FILE = YES;
				MARKETING_VERSION = 1.0;
				PRODUCT_BUNDLE_IDENTIFIER = com.sha.OpenWeatherAppByShahulUITests;
				PRODUCT_NAME = "$(TARGET_NAME)";
				SWIFT_EMIT_LOC_STRINGS = NO;
				SWIFT_VERSION = 5.0;
				TARGETED_DEVICE_FAMILY = "1,2";
				TEST_TARGET_NAME = OpenWeatherAppByShahul;
			};
			name = Release;
		};
/* End XCBuildConfiguration section */

/* Begin XCConfigurationList section */
		FA1FC9232CE2B0C1001F35BF /* Build configuration list for PBXProject "OpenWeatherAppByShahul" */ = {
			isa = XCConfigurationList;
			buildConfigurations = (
				FA1FC9542CE2B0C4001F35BF /* Debug */,
				FA1FC9552CE2B0C4001F35BF /* Release */,
			);
			defaultConfigurationIsVisible = 0;
			defaultConfigurationName = Release;
		};
		FA1FC9512CE2B0C4001F35BF /* Build configuration list for PBXNativeTarget "OpenWeatherAppByShahul" */ = {
			isa = XCConfigurationList;
			buildConfigurations = (
				FA1FC9522CE2B0C4001F35BF /* Debug */,
				FA1FC9532CE2B0C4001F35BF /* Release */,
			);
			defaultConfigurationIsVisible = 0;
			defaultConfigurationName = Release;
		};
		FA1FC9562CE2B0C4001F35BF /* Build configuration list for PBXNativeTarget "OpenWeatherAppByShahulTests" */ = {
			isa = XCConfigurationList;
			buildConfigurations = (
				FA1FC9572CE2B0C4001F35BF /* Debug */,
				FA1FC9582CE2B0C4001F35BF /* Release */,
			);
			defaultConfigurationIsVisible = 0;
			defaultConfigurationName = Release;
		};
		FA1FC9592CE2B0C4001F35BF /* Build configuration list for PBXNativeTarget "OpenWeatherAppByShahulUITests" */ = {
			isa = XCConfigurationList;
			buildConfigurations = (
				FA1FC95A2CE2B0C4001F35BF /* Debug */,
				FA1FC95B2CE2B0C4001F35BF /* Release */,
			);
			defaultConfigurationIsVisible = 0;
			defaultConfigurationName = Release;
		};
/* End XCConfigurationList section */
	};
	rootObject = FA1FC9202CE2B0C1001F35BF /* Project object */;
}
